{
  "name": "HybridLocalTemplate",
  "version": "0.0.1",
  "lockfileVersion": 3,
  "requires": true,
  "packages": {
    "": {
      "name": "HybridLocalTemplate",
      "version": "0.0.1",
      "dependencies": {
        "ratchet-npm": "2.0.4"
      }
    },
    "node_modules/ratchet-npm": {
      "version": "2.0.4",
      "resolved": "https://registry.npmjs.org/ratchet-npm/-/ratchet-npm-2.0.4.tgz",
      "integrity": "sha512-wUvzgDTZrwkfw1dMHlsaX+3hWpDGDlLz4caljI0MJBlvgE5oTXDBQOWh4slWF9rAsy1VEM5/7lt3/Ftyx33+Bg==",
      "license": "MIT",
      "engines": {
        "node": ">=0.10.1"
      }
    }
  }
}
